
Microsoft Visual Studio Solution File, Format Version 12.00
# Visual Studio Version 17
VisualStudioVersion = 17.1.32328.378
MinimumVisualStudioVersion = 10.0.40219.1
Project("{FAE04EC0-301F-11D3-BF4B-00C04F79EFBC}") = "otomasyon", "otomasyon\otomasyon.csproj", "{E5351D54-FA74-478B-A934-F5E12475D1AA}"
EndProject
Global
	GlobalSection(SolutionConfigurationPlatforms) = preSolution
		Debug|Any CPU = Debug|Any CPU
		Release|Any CPU = Release|Any CPU
	EndGlobalSection
	GlobalSection(ProjectConfigurationPlatforms) = postSolution
		{E5351D54-FA74-478B-A934-F5E12475D1AA}.Debug|Any CPU.ActiveCfg = Debug|Any CPU
		{E5351D54-FA74-478B-A934-F5E12475D1AA}.Debug|Any CPU.Build.0 = Debug|Any CPU
		{E5351D54-FA74-478B-A934-F5E12475D1AA}.Release|Any CPU.ActiveCfg = Release|Any CPU
		{E5351D54-FA74-478B-A934-F5E12475D1AA}.Release|Any CPU.Build.0 = Release|Any CPU
	EndGlobalSection
	GlobalSection(SolutionProperties) = preSolution
		HideSolutionNode = FALSE
	EndGlobalSection
	GlobalSection(ExtensibilityGlobals) = postSolution
		SolutionGuid = {4BB0CFD5-5D5B-4685-B730-B3017F9B0E7D}
	EndGlobalSection
EndGlobal
